
Microsoft Visual Studio Solution File, Format Version 12.00
# Visual Studio Version 16
VisualStudioVersion = 16.0.30011.22
MinimumVisualStudioVersion = 10.0.40219.1
Project("{9A19103F-16F7-4668-BE54-9A1E7A4F7556}") = "PrismDemo", "PrismDemo\PrismDemo.csproj", "{A86886CA-2744-41FA-9D14-B83FFD58D7FB}"
EndProject
Project("{9A19103F-16F7-4668-BE54-9A1E7A4F7556}") = "PrismDemo.ViewAModule", "ViewAModule\PrismDemo.ViewAModule.csproj", "{94105E0A-7AA0-4BFD-9737-D056F7299C1F}"
EndProject
Project("{FAE04EC0-301F-11D3-BF4B-00C04F79EFBC}") = "PrismDemo.Core", "PrismDemo.Core\PrismDemo.Core.csproj", "{8DFD8625-4256-4D10-9325-AB47A6DDB30F}"
EndProject
Global
	GlobalSection(SolutionConfigurationPlatforms) = preSolution
		Debug|Any CPU = Debug|Any CPU
		Release|Any CPU = Release|Any CPU
	EndGlobalSection
	GlobalSection(ProjectConfigurationPlatforms) = postSolution
		{A86886CA-2744-41FA-9D14-B83FFD58D7FB}.Debug|Any CPU.ActiveCfg = Debug|Any CPU
		{A86886CA-2744-41FA-9D14-B83FFD58D7FB}.Debug|Any CPU.Build.0 = Debug|Any CPU
		{A86886CA-2744-41FA-9D14-B83FFD58D7FB}.Release|Any CPU.ActiveCfg = Release|Any CPU
		{A86886CA-2744-41FA-9D14-B83FFD58D7FB}.Release|Any CPU.Build.0 = Release|Any CPU
		{94105E0A-7AA0-4BFD-9737-D056F7299C1F}.Debug|Any CPU.ActiveCfg = Debug|Any CPU
		{94105E0A-7AA0-4BFD-9737-D056F7299C1F}.Debug|Any CPU.Build.0 = Debug|Any CPU
		{94105E0A-7AA0-4BFD-9737-D056F7299C1F}.Release|Any CPU.ActiveCfg = Release|Any CPU
		{94105E0A-7AA0-4BFD-9737-D056F7299C1F}.Release|Any CPU.Build.0 = Release|Any CPU
		{8DFD8625-4256-4D10-9325-AB47A6DDB30F}.Debug|Any CPU.ActiveCfg = Debug|Any CPU
		{8DFD8625-4256-4D10-9325-AB47A6DDB30F}.Debug|Any CPU.Build.0 = Debug|Any CPU
		{8DFD8625-4256-4D10-9325-AB47A6DDB30F}.Release|Any CPU.ActiveCfg = Release|Any CPU
		{8DFD8625-4256-4D10-9325-AB47A6DDB30F}.Release|Any CPU.Build.0 = Release|Any CPU
	EndGlobalSection
	GlobalSection(SolutionProperties) = preSolution
		HideSolutionNode = FALSE
	EndGlobalSection
	GlobalSection(ExtensibilityGlobals) = postSolution
		SolutionGuid = {49802E08-56E8-4032-B843-2D19FE8B3A87}
	EndGlobalSection
EndGlobal
